
Microsoft Visual Studio Solution File, Format Version 12.00
# Visual Studio 15
VisualStudioVersion = 15.0.27130.0
MinimumVisualStudioVersion = 10.0.40219.1
Project("{FAE04EC0-301F-11D3-BF4B-00C04F79EFBC}") = "Workshop", "Workshop\Workshop.csproj", "{C52A3EC0-90D3-4D13-A6E2-AF16DC69CC27}"
EndProject
Global
	GlobalSection(SolutionConfigurationPlatforms) = preSolution
		Debug|Any CPU = Debug|Any CPU
		Release|Any CPU = Release|Any CPU
	EndGlobalSection
	GlobalSection(ProjectConfigurationPlatforms) = postSolution
		{C52A3EC0-90D3-4D13-A6E2-AF16DC69CC27}.Debug|Any CPU.ActiveCfg = Debug|Any CPU
		{C52A3EC0-90D3-4D13-A6E2-AF16DC69CC27}.Debug|Any CPU.Build.0 = Debug|Any CPU
		{C52A3EC0-90D3-4D13-A6E2-AF16DC69CC27}.Release|Any CPU.ActiveCfg = Release|Any CPU
		{C52A3EC0-90D3-4D13-A6E2-AF16DC69CC27}.Release|Any CPU.Build.0 = Release|Any CPU
	EndGlobalSection
	GlobalSection(SolutionProperties) = preSolution
		HideSolutionNode = FALSE
	EndGlobalSection
	GlobalSection(ExtensibilityGlobals) = postSolution
		SolutionGuid = {29026FEE-7532-450C-AA88-85F1985E35E1}
	EndGlobalSection
EndGlobal
